
Microsoft Visual Studio Solution File, Format Version 12.00
# Visual Studio Version 17
VisualStudioVersion = 17.5.33424.131
MinimumVisualStudioVersion = 10.0.40219.1
Project("{8BC9CEB8-8B4A-11D0-8D11-00A0C91BC942}") = "itsa3", "itsa3\itsa3.vcxproj", "{AE1B6BEB-8713-4B5A-B660-C802CACC88F4}"
EndProject
Global
	GlobalSection(SolutionConfigurationPlatforms) = preSolution
		Debug|x64 = Debug|x64
		Debug|x86 = Debug|x86
		Release|x64 = Release|x64
		Release|x86 = Release|x86
	EndGlobalSection
	GlobalSection(ProjectConfigurationPlatforms) = postSolution
		{AE1B6BEB-8713-4B5A-B660-C802CACC88F4}.Debug|x64.ActiveCfg = Debug|x64
		{AE1B6BEB-8713-4B5A-B660-C802CACC88F4}.Debug|x64.Build.0 = Debug|x64
		{AE1B6BEB-8713-4B5A-B660-C802CACC88F4}.Debug|x86.ActiveCfg = Debug|Win32
		{AE1B6BEB-8713-4B5A-B660-C802CACC88F4}.Debug|x86.Build.0 = Debug|Win32
		{AE1B6BEB-8713-4B5A-B660-C802CACC88F4}.Release|x64.ActiveCfg = Release|x64
		{AE1B6BEB-8713-4B5A-B660-C802CACC88F4}.Release|x64.Build.0 = Release|x64
		{AE1B6BEB-8713-4B5A-B660-C802CACC88F4}.Release|x86.ActiveCfg = Release|Win32
		{AE1B6BEB-8713-4B5A-B660-C802CACC88F4}.Release|x86.Build.0 = Release|Win32
	EndGlobalSection
	GlobalSection(SolutionProperties) = preSolution
		HideSolutionNode = FALSE
	EndGlobalSection
	GlobalSection(ExtensibilityGlobals) = postSolution
		SolutionGuid = {B1F7F857-F64C-41AA-94AC-78EF30A89E14}
	EndGlobalSection
EndGlobal
